{
  "version": 4,
  "terraform_version": "1.13.2",
  "serial": 1,
  "lineage": "99b77084-ad42-bce6-e211-99e43fd27c10",
  "outputs": {
    "studentvm_ip": {
      "value": "192.168.1.123",
      "type": "string"
    }
  },
  "resources": [
    {
      "mode": "managed",
      "type": "esxi_guest",
      "name": "studentvm",
      "provider": "provider[\"registry.terraform.io/josenk/esxi\"]",
      "instances": [
        {
          "schema_version": 0,
          "attributes": {
            "boot_disk_size": null,
            "boot_disk_type": null,
            "boot_firmware": "bios",
            "clone_from_vm": null,
            "disk_store": "Datastore1",
            "guest_name": "student-vm-terraformsz",
            "guest_shutdown_timeout": null,
            "guest_startup_timeout": null,
            "guestinfo": {
              "userdata": "I2Nsb3VkLWNvbmZpZw0KdXNlcnM6DQogIC0gbmFtZTogc3R1ZGVudA0KICAgIHN1ZG86IEFMTD0oQUxMKSBOT1BBU1NXRDpBTEwNCiAgICBzaGVsbDogL2Jpbi9iYXNoDQogICAgc3NoLWF1dGhvcml6ZWQta2V5czoNCiAgICAgIC0gc3NoLWVkMjU1MTkgQUFBQUMzTnphQzFsWkRJMU5URTVBQUFBSUJUN3BSTm8yT2NCbVdBZmdacEFrSEtTa0EvNUVIZUFjQ3l5aENWbFB4Z0wgdGVycmFmb3JtDQoNCnBhY2thZ2VzOg0KICAtIHdnZXQNCiAgLSBudHBkYXRlDQo=",
              "userdata.encoding": "base64"
            },
            "guestos": "ubuntu-64",
            "host_ovf": null,
            "id": "22",
            "ip_address": "192.168.1.123",
            "memsize": "2048",
            "network_interfaces": [
              {
                "mac_address": "",
                "nic_type": "e1000",
                "virtual_network": "VM Network"
              }
            ],
            "notes": "",
            "numvcpus": "1",
            "ovf_properties": [],
            "ovf_properties_timer": null,
            "ovf_source": null,
            "power": "on",
            "resource_pool_name": "/",
            "virthwver": "10",
            "virtual_disks": []
          },
          "sensitive_attributes": [],
          "identity_schema_version": 0,
          "private": "eyJzY2hlbWFfdmVyc2lvbiI6IjAifQ=="
        }
      ]
    }
  ],
  "check_results": null
}
